<?xml version="1.0" encoding="utf-8"?>
<Project ToolsVersion="4.0" xmlns="http://schemas.microsoft.com/developer/msbuild/2003">
  <ItemGroup>
    <ClCompile Include="External\imgui\ImCurveEdit.cpp">
      <Filter>External\imgui</Filter>
    </ClCompile>
    <ClCompile Include="External\imgui\imgui.cpp">
      <Filter>External\imgui</Filter>
    </ClCompile>
    <ClCompile Include="External\imgui\ImGuizmo.cpp">
      <Filter>External\imgui</Filter>
    </ClCompile>
    <ClCompile Include="External\imgui\imgui_demo.cpp">
      <Filter>External\imgui</Filter>
    </ClCompile>
    <ClCompile Include="External\imgui\imgui_draw.cpp">
      <Filter>External\imgui</Filter>
    </ClCompile>
    <ClCompile Include="External\imgui\imgui_impl_dx11.cpp">
      <Filter>External\imgui</Filter>
    </ClCompile>
    <ClCompile Include="External\imgui\imgui_impl_win32.cpp">
      <Filter>External\imgui</Filter>
    </ClCompile>
    <ClCompile Include="External\imgui\imgui_ja_gryph_ranges.cpp">
      <Filter>External\imgui</Filter>
    </ClCompile>
    <ClCompile Include="External\imgui\imgui_tables.cpp">
      <Filter>External\imgui</Filter>
    </ClCompile>
    <ClCompile Include="External\imgui\imgui_widgets.cpp">
      <Filter>External\imgui</Filter>
    </ClCompile>
    <ClCompile Include="External\imgui\ImSequencer.cpp">
      <Filter>External\imgui</Filter>
    </ClCompile>
    <ClCompile Include="External\imgui\profiler.cpp">
      <Filter>External\imgui</Filter>
    </ClCompile>
    <ClCompile Include="External\imgui\timer.cpp">
      <Filter>External\imgui</Filter>
    </ClCompile>
    <ClCompile Include="External\tracy-0.13.1\public\TracyClient.cpp">
      <Filter>External\tracy-0.13.1\public</Filter>
    </ClCompile>
    <ClCompile Include="Source\main.cpp">
      <Filter>Source</Filter>
    </ClCompile>
    <ClCompile Include="Source\pch.cpp">
      <Filter>Source</Filter>
    </ClCompile>
    <ClCompile Include="Source\Components\Easing\CoreEasingComponent.cpp">
      <Filter>Source\Components\Easing</Filter>
    </ClCompile>
    <ClCompile Include="Source\Components\Effect\ParticleComponent.cpp">
      <Filter>Source\Components\Effect</Filter>
    </ClCompile>
    <ClCompile Include="Source\Components\Elastic\ElasticComponent.cpp">
      <Filter>Source\Components\Elastic</Filter>
    </ClCompile>
    <ClCompile Include="Source\Components\Render\MeshComponent.cpp">
      <Filter>Source\Components\Render</Filter>
    </ClCompile>
    <ClCompile Include="Source\Components\Render\PointLightComponent.cpp">
      <Filter>Source\Components\Render</Filter>
    </ClCompile>
    <ClCompile Include="Source\Components\Base\Component.cpp">
      <Filter>Source\Components\Base</Filter>
    </ClCompile>
    <ClCompile Include="Source\Components\Base\SceneComponent.cpp">
      <Filter>Source\Components\Base</Filter>
    </ClCompile>
    <ClCompile Include="Source\Components\CollisionShape\CollisionComponent.cpp">
      <Filter>Source\Components\CollisionShape</Filter>
    </ClCompile>
    <ClCompile Include="Source\Components\CollisionShape\RigidBodyComponent.cpp">
      <Filter>Source\Components\CollisionShape</Filter>
    </ClCompile>
    <ClCompile Include="Source\Components\CollisionShape\ShapeComponent.cpp">
      <Filter>Source\Components\CollisionShape</Filter>
    </ClCompile>
    <ClCompile Include="Source\Components\Controller\ControllerComponent.cpp">
      <Filter>Source\Components\Controller</Filter>
    </ClCompile>
    <ClCompile Include="Source\Components\Camera\CameraComponent.cpp">
      <Filter>Source\Components\Camera</Filter>
    </ClCompile>
    <ClCompile Include="Source\Components\Game\LifeTimeComponent.cpp">
      <Filter>Source\Components\Game</Filter>
    </ClCompile>
    <ClCompile Include="Source\Components\Audio\AudioSourceComponent.cpp">
      <Filter>Source\Components\Audio</Filter>
    </ClCompile>
    <ClCompile Include="Source\Core\Actor.cpp">
      <Filter>Source\Core</Filter>
    </ClCompile>
    <ClCompile Include="Source\Core\ActorManager.cpp">
      <Filter>Source\Core</Filter>
    </ClCompile>
    <ClCompile Include="Source\Core\CoreColor.cpp">
      <Filter>Source\Core</Filter>
    </ClCompile>
    <ClCompile Include="Source\Core\Vector.cpp">
      <Filter>Source\Core</Filter>
    </ClCompile>
    <ClCompile Include="Source\Core\World.cpp">
      <Filter>Source\Core</Filter>
    </ClCompile>
    <ClCompile Include="Source\Engine\Camera\CameraManager.cpp">
      <Filter>Source\Engine\Camera</Filter>
    </ClCompile>
    <ClCompile Include="Source\Engine\Camera\MovieCameraManagerActor.cpp">
      <Filter>Source\Engine\Camera</Filter>
    </ClCompile>
    <ClCompile Include="Source\Engine\Camera\TPSCameraController.cpp">
      <Filter>Source\Engine\Camera</Filter>
    </ClCompile>
    <ClCompile Include="Source\Engine\Debug\DebugRender.cpp">
      <Filter>Source\Engine\Debug</Filter>
    </ClCompile>
    <ClCompile Include="Source\Engine\Debug\EditorGizmo.cpp">
      <Filter>Source\Engine\Debug</Filter>
    </ClCompile>
    <ClCompile Include="Source\Engine\Debug\Logger.cpp">
      <Filter>Source\Engine\Debug</Filter>
    </ClCompile>
    <ClCompile Include="Source\Engine\Debug\SceneEditor.cpp">
      <Filter>Source\Engine\Debug</Filter>
    </ClCompile>
    <ClCompile Include="Source\Engine\Easing\TestEasingHandler.cpp">
      <Filter>Source\Engine\Easing</Filter>
    </ClCompile>
    <ClCompile Include="Source\Engine\Effects\CoreComputeParticleSystem.cpp">
      <Filter>Source\Engine\Effects</Filter>
    </ClCompile>
    <ClCompile Include="Source\Engine\Effects\CurveEditorWidget.cpp">
      <Filter>Source\Engine\Effects</Filter>
    </ClCompile>
    <ClCompile Include="Source\Engine\Effects\EffectEditor.cpp">
      <Filter>Source\Engine\Effects</Filter>
    </ClCompile>
    <ClCompile Include="Source\Engine\Effects\EffectManager.cpp">
      <Filter>Source\Engine\Effects</Filter>
    </ClCompile>
    <ClCompile Include="Source\Engine\Effects\HuskParticles.cpp">
      <Filter>Source\Engine\Effects</Filter>
    </ClCompile>
    <ClCompile Include="Source\Engine\Resources\ResourceManager.cpp">
      <Filter>Source\Engine\Resources</Filter>
    </ClCompile>
    <ClCompile Include="Source\Engine\Scene\Scene.cpp">
      <Filter>Source\Engine\Scene</Filter>
    </ClCompile>
    <ClCompile Include="Source\Engine\Scene\SceneBase.cpp">
      <Filter>Source\Engine\Scene</Filter>
    </ClCompile>
    <ClCompile Include="Source\Engine\Utility\Dialog.cpp">
      <Filter>Source\Engine\Utility</Filter>
    </ClCompile>
    <ClCompile Include="Source\Engine\Utility\Time.cpp">
      <Filter>Source\Engine\Utility</Filter>
    </ClCompile>
    <ClCompile Include="Source\Engine\Framework\Framework.cpp">
      <Filter>Source\Engine\Framework</Filter>
    </ClCompile>
    <ClCompile Include="Source\Engine\Audio\Audio.cpp">
      <Filter>Source\Engine\Audio</Filter>
    </ClCompile>
    <ClCompile Include="Source\Engine\Input\GamePad.cpp">
      <Filter>Source\Engine\Input</Filter>
    </ClCompile>
    <ClCompile Include="Source\Engine\Input\InputSystem.cpp">
      <Filter>Source\Engine\Input</Filter>
    </ClCompile>
    <ClCompile Include="Source\Game\Actors\BgmActor.cpp">
      <Filter>Source\Game\Actors</Filter>
    </ClCompile>
    <ClCompile Include="Source\Game\Actors\Camera\Camera.cpp">
      <Filter>Source\Game\Actors\Camera</Filter>
    </ClCompile>
    <ClCompile Include="Source\Game\Actors\Camera\DarkGameCamera.cpp">
      <Filter>Source\Game\Actors\Camera</Filter>
    </ClCompile>
    <ClCompile Include="Source\Game\Actors\Enemy\Boss\BossState.cpp">
      <Filter>Source\Game\Actors\Enemy\Boss</Filter>
    </ClCompile>
    <ClCompile Include="Source\Game\Actors\Stage\ClothSimulate.cpp">
      <Filter>Source\Game\Actors\Stage</Filter>
    </ClCompile>
    <ClCompile Include="Source\Game\Actors\Stage\TestSoftBody.cpp">
      <Filter>Source\Game\Actors\Stage</Filter>
    </ClCompile>
    <ClCompile Include="Source\Game\Actors\WaterSphere\MorphModel.cpp">
      <Filter>Source\Game\Actors\WaterSphere</Filter>
    </ClCompile>
    <ClCompile Include="Source\Game\Actors\Player\TitlePlayer.cpp">
      <Filter>Source\Game\Actors\Player</Filter>
    </ClCompile>
    <ClCompile Include="Source\Game\Actors\Player\Player.cpp">
      <Filter>Source\Game\Actors\Player</Filter>
    </ClCompile>
    <ClCompile Include="Source\Game\Actors\Player\PlayerStateDerived.cpp">
      <Filter>Source\Game\Actors\Player</Filter>
    </ClCompile>
    <ClCompile Include="Source\Game\Actors\Base\Character.cpp">
      <Filter>Source\Game\Actors\Base</Filter>
    </ClCompile>
    <ClCompile Include="Source\Game\DarkGame\DarkActors\DarkClothActor.cpp">
      <Filter>Source\Game\DarkGame\DarkActors</Filter>
    </ClCompile>
    <ClCompile Include="Source\Game\DarkGame\DarkActors\DarkStageBarrelActor.cpp">
      <Filter>Source\Game\DarkGame\DarkActors</Filter>
    </ClCompile>
    <ClCompile Include="Source\Game\DarkGame\DarkActors\DarkStageBrazierActor.cpp">
      <Filter>Source\Game\DarkGame\DarkActors</Filter>
    </ClCompile>
    <ClCompile Include="Source\Game\DarkGame\DarkActors\DarkStageCandelabraActor.cpp">
      <Filter>Source\Game\DarkGame\DarkActors</Filter>
    </ClCompile>
    <ClCompile Include="Source\Game\DarkGame\DarkActors\DarkStageChandelierActor.cpp">
      <Filter>Source\Game\DarkGame\DarkActors</Filter>
    </ClCompile>
    <ClCompile Include="Source\Game\DarkGame\DarkActors\DarkStageGroundBrazierActor.cpp">
      <Filter>Source\Game\DarkGame\DarkActors</Filter>
    </ClCompile>
    <ClCompile Include="Source\Game\DarkGame\DarkActors\DarkStagePointLightActor.cpp">
      <Filter>Source\Game\DarkGame\DarkActors</Filter>
    </ClCompile>
    <ClCompile Include="Source\Game\DarkGame\DarkActors\DarkTitleStage.cpp">
      <Filter>Source\Game\DarkGame\DarkActors</Filter>
    </ClCompile>
    <ClCompile Include="Source\Game\DarkGame\DarkActors\DoorActor.cpp">
      <Filter>Source\Game\DarkGame\DarkActors</Filter>
    </ClCompile>
    <ClCompile Include="Source\Game\DarkGame\DarkActors\DarkStage.cpp">
      <Filter>Source\Game\DarkGame\DarkActors</Filter>
    </ClCompile>
    <ClCompile Include="Source\Game\DarkGame\DarkActors\IceFragmentEffectActor.cpp">
      <Filter>Source\Game\DarkGame\DarkActors</Filter>
    </ClCompile>
    <ClCompile Include="Source\Game\DarkGame\DarkActors\ModelDebrisEmitterActor.cpp">
      <Filter>Source\Game\DarkGame\DarkActors</Filter>
    </ClCompile>
    <ClCompile Include="Source\Game\DarkGame\DarkActors\InteractableActor.cpp">
      <Filter>Source\Game\DarkGame\DarkActors</Filter>
    </ClCompile>
    <ClCompile Include="Source\Game\DarkGame\DarkActors\LanternActor.cpp">
      <Filter>Source\Game\DarkGame\DarkActors</Filter>
    </ClCompile>
    <ClCompile Include="Source\Game\DarkGame\DarkActors\DarkEnemy\GruxEnemy.cpp">
      <Filter>Source\Game\DarkGame\DarkActors\DarkEnemy</Filter>
    </ClCompile>
    <ClCompile Include="Source\Game\DarkGame\DarkActors\DarkEnemy\GruxEnemyEyeActor.cpp">
      <Filter>Source\Game\DarkGame\DarkActors\DarkEnemy</Filter>
    </ClCompile>
    <ClCompile Include="Source\Game\DarkGame\DarkActors\DarkEnemy\SkeletonWarriorEnemy.cpp">
      <Filter>Source\Game\DarkGame\DarkActors\DarkEnemy</Filter>
    </ClCompile>
    <ClCompile Include="Source\Game\Scenes\LoadingScene.cpp">
      <Filter>Source\Game\Scenes</Filter>
    </ClCompile>
    <ClCompile Include="Source\Game\Scenes\SampleScene.cpp">
      <Filter>Source\Game\Scenes</Filter>
    </ClCompile>
    <ClCompile Include="Source\Game\Scenes\GameScene.cpp">
      <Filter>Source\Game\Scenes</Filter>
    </ClCompile>
    <ClCompile Include="Source\Game\Scenes\TestScene.cpp">
      <Filter>Source\Game\Scenes</Filter>
    </ClCompile>
    <ClCompile Include="Source\Game\Scenes\TitleScene.cpp">
      <Filter>Source\Game\Scenes</Filter>
    </ClCompile>
    <ClCompile Include="Source\Game\State\StateMachine.cpp">
      <Filter>Source\Game\State</Filter>
    </ClCompile>
    <ClCompile Include="Source\Game\SofyBody\SoftBody.cpp">
      <Filter>Source\Game\SofyBody</Filter>
    </ClCompile>
    <ClCompile Include="Source\Graphics\Core\Graphics.cpp">
      <Filter>Source\Graphics\Core</Filter>
    </ClCompile>
    <ClCompile Include="Source\Graphics\Core\LightManager.cpp">
      <Filter>Source\Graphics\Core</Filter>
    </ClCompile>
    <ClCompile Include="Source\Graphics\Core\RenderState.cpp">
      <Filter>Source\Graphics\Core</Filter>
    </ClCompile>
    <ClCompile Include="Source\Graphics\Core\Shader.cpp">
      <Filter>Source\Graphics\Core</Filter>
    </ClCompile>
    <ClCompile Include="Source\Graphics\Renderer\PrimitiveRenderer.cpp">
      <Filter>Source\Graphics\Renderer</Filter>
    </ClCompile>
    <ClCompile Include="Source\Graphics\Renderer\PrimitiveShapeRenderer.cpp">
      <Filter>Source\Graphics\Renderer</Filter>
    </ClCompile>
    <ClCompile Include="Source\Graphics\Renderer\SceneRenderer.cpp">
      <Filter>Source\Graphics\Renderer</Filter>
    </ClCompile>
    <ClCompile Include="Source\Graphics\Renderer\ShapeRenderer.cpp">
      <Filter>Source\Graphics\Renderer</Filter>
    </ClCompile>
    <ClCompile Include="Source\Graphics\Renderer\SpriteRenderer.cpp">
      <Filter>Source\Graphics\Renderer</Filter>
    </ClCompile>
    <ClCompile Include="Source\Graphics\Renderer\TrailRenderer.cpp">
      <Filter>Source\Graphics\Renderer</Filter>
    </ClCompile>
    <ClCompile Include="Source\Graphics\Resource\AssetManager.cpp">
      <Filter>Source\Graphics\Resource</Filter>
    </ClCompile>
    <ClCompile Include="Source\Graphics\Resource\GeometricPrimitive.cpp">
      <Filter>Source\Graphics\Resource</Filter>
    </ClCompile>
    <ClCompile Include="Source\Graphics\Resource\InterleavedGltfModel.cpp">
      <Filter>Source\Graphics\Resource</Filter>
    </ClCompile>
    <ClCompile Include="Source\Graphics\Resource\ShaderToy.cpp">
      <Filter>Source\Graphics\Resource</Filter>
    </ClCompile>
    <ClCompile Include="Source\Graphics\Resource\Texture.cpp">
      <Filter>Source\Graphics\Resource</Filter>
    </ClCompile>
    <ClCompile Include="Source\Graphics\Resource\TinyGltf.cpp">
      <Filter>Source\Graphics\Resource</Filter>
    </ClCompile>
    <ClCompile Include="Source\Graphics\Shadow\CascadeShadowMap.cpp">
      <Filter>Source\Graphics\Shadow</Filter>
    </ClCompile>
    <ClCompile Include="Source\Graphics\Shadow\ShadowMap.cpp">
      <Filter>Source\Graphics\Shadow</Filter>
    </ClCompile>
    <ClCompile Include="Source\Graphics\Sprite\Sprite.cpp">
      <Filter>Source\Graphics\Sprite</Filter>
    </ClCompile>
    <ClCompile Include="Source\Graphics\Sprite\SpriteBatch.cpp">
      <Filter>Source\Graphics\Sprite</Filter>
    </ClCompile>
    <ClCompile Include="Source\Graphics\PostProcess\DepthOfFieldEffect.cpp">
      <Filter>Source\Graphics\PostProcess</Filter>
    </ClCompile>
    <ClCompile Include="Source\Graphics\PostProcess\FogEffect.cpp">
      <Filter>Source\Graphics\PostProcess</Filter>
    </ClCompile>
    <ClCompile Include="Source\Graphics\PostProcess\FrameBuffer.cpp">
      <Filter>Source\Graphics\PostProcess</Filter>
    </ClCompile>
    <ClCompile Include="Source\Graphics\PostProcess\FullScreenQuad.cpp">
      <Filter>Source\Graphics\PostProcess</Filter>
    </ClCompile>
    <ClCompile Include="Source\Graphics\PostProcess\BloomEffect.cpp">
      <Filter>Source\Graphics\PostProcess</Filter>
    </ClCompile>
    <ClCompile Include="Source\Graphics\PostProcess\MotionBlurEffect.cpp">
      <Filter>Source\Graphics\PostProcess</Filter>
    </ClCompile>
    <ClCompile Include="Source\Graphics\PostProcess\SSAOEffect.cpp">
      <Filter>Source\Graphics\PostProcess</Filter>
    </ClCompile>
    <ClCompile Include="Source\Graphics\PostProcess\SSREffect.cpp">
      <Filter>Source\Graphics\PostProcess</Filter>
    </ClCompile>
    <ClCompile Include="Source\Graphics\Environment\SkyMap.cpp">
      <Filter>Source\Graphics\Environment</Filter>
    </ClCompile>
    <ClCompile Include="Source\Graphics\Cloud\VolumetricCloudscapes.cpp">
      <Filter>Source\Graphics\Cloud</Filter>
    </ClCompile>
    <ClCompile Include="Source\UI\Font.cpp">
      <Filter>Source\UI</Filter>
    </ClCompile>
    <ClCompile Include="Source\UI\UIManager.cpp">
      <Filter>Source\UI</Filter>
    </ClCompile>
    <ClCompile Include="Source\UI\Game\Pause.cpp">
      <Filter>Source\UI\Game</Filter>
    </ClCompile>
    <ClCompile Include="Source\UI\Game\SceneTransitionManager.cpp">
      <Filter>Source\UI\Game</Filter>
    </ClCompile>
    <ClCompile Include="Source\UI\Game\TransitionEffect.cpp">
      <Filter>Source\UI\Game</Filter>
    </ClCompile>
    <ClCompile Include="Source\UI\Widgets\Widget.cpp">
      <Filter>Source\UI\Widgets</Filter>
    </ClCompile>
    <ClCompile Include="Source\Physics\Collider.cpp">
      <Filter>Source\Physics</Filter>
    </ClCompile>
    <ClCompile Include="Source\Physics\Physics.cpp">
      <Filter>Source\Physics</Filter>
    </ClCompile>
    <ClCompile Include="Source\Animation\AnimationController.cpp">
      <Filter>Source\Animation</Filter>
    </ClCompile>
    <ClCompile Include="Source\Animation\AnimationState.cpp">
      <Filter>Source\Animation</Filter>
    </ClCompile>
    <ClCompile Include="Source\Animation\BlendSpaceAnimation.cpp">
      <Filter>Source\Animation</Filter>
    </ClCompile>
    <ClCompile Include="Source\Test\SoftBody2d.cpp">
      <Filter>Source\Test</Filter>
    </ClCompile>
  </ItemGroup>
  <ItemGroup>
    <ClInclude Include="External\imgui\imconfig.h">
      <Filter>External\imgui</Filter>
    </ClInclude>
    <ClInclude Include="External\imgui\ImCurveEdit.h">
      <Filter>External\imgui</Filter>
    </ClInclude>
    <ClInclude Include="External\imgui\imgui.h">
      <Filter>External\imgui</Filter>
    </ClInclude>
    <ClInclude Include="External\imgui\ImGuizmo.h">
      <Filter>External\imgui</Filter>
    </ClInclude>
    <ClInclude Include="External\imgui\imgui_impl_dx11.h">
      <Filter>External\imgui</Filter>
    </ClInclude>
    <ClInclude Include="External\imgui\imgui_impl_win32.h">
      <Filter>External\imgui</Filter>
    </ClInclude>
    <ClInclude Include="External\imgui\imgui_internal.h">
      <Filter>External\imgui</Filter>
    </ClInclude>
    <ClInclude Include="External\imgui\ImSequencer.h">
      <Filter>External\imgui</Filter>
    </ClInclude>
    <ClInclude Include="External\imgui\imstb_rectpack.h">
      <Filter>External\imgui</Filter>
    </ClInclude>
    <ClInclude Include="External\imgui\imstb_textedit.h">
      <Filter>External\imgui</Filter>
    </ClInclude>
    <ClInclude Include="External\imgui\imstb_truetype.h">
      <Filter>External\imgui</Filter>
    </ClInclude>
    <ClInclude Include="External\imgui\profiler.h">
      <Filter>External\imgui</Filter>
    </ClInclude>
    <ClInclude Include="External\imgui\timer.h">
      <Filter>External\imgui</Filter>
    </ClInclude>
    <ClInclude Include="Source\pch.h">
      <Filter>Source</Filter>
    </ClInclude>
    <ClInclude Include="Source\Components\Easing\CoreEasingComponent.h">
      <Filter>Source\Components\Easing</Filter>
    </ClInclude>
    <ClInclude Include="Source\Components\Effect\ParticleComponent.h">
      <Filter>Source\Components\Effect</Filter>
    </ClInclude>
    <ClInclude Include="Source\Components\Elastic\ElasticComponent.h">
      <Filter>Source\Components\Elastic</Filter>
    </ClInclude>
    <ClInclude Include="Source\Components\Render\MeshComponent.h">
      <Filter>Source\Components\Render</Filter>
    </ClInclude>
    <ClInclude Include="Source\Components\Render\PointLightComponent.h">
      <Filter>Source\Components\Render</Filter>
    </ClInclude>
    <ClInclude Include="Source\Components\Base\Component.h">
      <Filter>Source\Components\Base</Filter>
    </ClInclude>
    <ClInclude Include="Source\Components\Base\SceneComponent.h">
      <Filter>Source\Components\Base</Filter>
    </ClInclude>
    <ClInclude Include="Source\Components\Transform\Transform.h">
      <Filter>Source\Components\Transform</Filter>
    </ClInclude>
    <ClInclude Include="Source\Components\CollisionShape\CollisionComponent.h">
      <Filter>Source\Components\CollisionShape</Filter>
    </ClInclude>
    <ClInclude Include="Source\Components\CollisionShape\RigidBodyComponent.h">
      <Filter>Source\Components\CollisionShape</Filter>
    </ClInclude>
    <ClInclude Include="Source\Components\CollisionShape\ShapeComponent.h">
      <Filter>Source\Components\CollisionShape</Filter>
    </ClInclude>
    <ClInclude Include="Source\Components\Controller\ControllerComponent.h">
      <Filter>Source\Components\Controller</Filter>
    </ClInclude>
    <ClInclude Include="Source\Components\Camera\CameraComponent.h">
      <Filter>Source\Components\Camera</Filter>
    </ClInclude>
    <ClInclude Include="Source\Components\Game\LifeTimeComponent.h">
      <Filter>Source\Components\Game</Filter>
    </ClInclude>
    <ClInclude Include="Source\Components\Game\TimerActionComponent.h">
      <Filter>Source\Components\Game</Filter>
    </ClInclude>
    <ClInclude Include="Source\Components\Audio\AudioSourceComponent.h">
      <Filter>Source\Components\Audio</Filter>
    </ClInclude>
    <ClInclude Include="Source\Core\Actor.h">
      <Filter>Source\Core</Filter>
    </ClInclude>
    <ClInclude Include="Source\Core\ActorManager.h">
      <Filter>Source\Core</Filter>
    </ClInclude>
    <ClInclude Include="Source\Core\CoreColor.h">
      <Filter>Source\Core</Filter>
    </ClInclude>
    <ClInclude Include="Source\Core\Vector.h">
      <Filter>Source\Core</Filter>
    </ClInclude>
    <ClInclude Include="Source\Core\World.h">
      <Filter>Source\Core</Filter>
    </ClInclude>
    <ClInclude Include="Source\Engine\Camera\CameraConstants.h">
      <Filter>Source\Engine\Camera</Filter>
    </ClInclude>
    <ClInclude Include="Source\Engine\Camera\CameraManager.h">
      <Filter>Source\Engine\Camera</Filter>
    </ClInclude>
    <ClInclude Include="Source\Engine\Camera\MovieCameraManagerActor.h">
      <Filter>Source\Engine\Camera</Filter>
    </ClInclude>
    <ClInclude Include="Source\Engine\Camera\TPSCameraController.h">
      <Filter>Source\Engine\Camera</Filter>
    </ClInclude>
    <ClInclude Include="Source\Engine\Debug\DebugRender.h">
      <Filter>Source\Engine\Debug</Filter>
    </ClInclude>
    <ClInclude Include="Source\Engine\Debug\EditorGizmo.h">
      <Filter>Source\Engine\Debug</Filter>
    </ClInclude>
    <ClInclude Include="Source\Engine\Debug\Logger.h">
      <Filter>Source\Engine\Debug</Filter>
    </ClInclude>
    <ClInclude Include="Source\Engine\Debug\LoggerConfig.h">
      <Filter>Source\Engine\Debug</Filter>
    </ClInclude>
    <ClInclude Include="Source\Engine\Debug\SceneEditor.h">
      <Filter>Source\Engine\Debug</Filter>
    </ClInclude>
    <ClInclude Include="Source\Engine\Debug\ScopedTimer.h">
      <Filter>Source\Engine\Debug</Filter>
    </ClInclude>
    <ClInclude Include="Source\Engine\Easing\Easing.h">
      <Filter>Source\Engine\Easing</Filter>
    </ClInclude>
    <ClInclude Include="Source\Engine\Easing\TestEasingHandler.h">
      <Filter>Source\Engine\Easing</Filter>
    </ClInclude>
    <ClInclude Include="Source\Engine\Effects\CoreComputeParticleSystem.h">
      <Filter>Source\Engine\Effects</Filter>
    </ClInclude>
    <ClInclude Include="Source\Engine\Effects\EffectEditor.h">
      <Filter>Source\Engine\Effects</Filter>
    </ClInclude>
    <ClInclude Include="Source\Engine\Effects\CurveEditorWidget.h">
      <Filter>Source\Engine\Effects</Filter>
    </ClInclude>
    <ClInclude Include="Source\Engine\Effects\EffectManager.h">
      <Filter>Source\Engine\Effects</Filter>
    </ClInclude>
    <ClInclude Include="Source\Engine\Effects\HuskParticles.h">
      <Filter>Source\Engine\Effects</Filter>
    </ClInclude>
    <ClInclude Include="Source\Engine\Resources\Resource.h">
      <Filter>Source\Engine\Resources</Filter>
    </ClInclude>
    <ClInclude Include="Source\Engine\Resources\ResourceManager.h">
      <Filter>Source\Engine\Resources</Filter>
    </ClInclude>
    <ClInclude Include="Source\Engine\Scene\Scene.h">
      <Filter>Source\Engine\Scene</Filter>
    </ClInclude>
    <ClInclude Include="Source\Engine\Scene\SceneBase.h">
      <Filter>Source\Engine\Scene</Filter>
    </ClInclude>
    <ClInclude Include="Source\Engine\Scene\SceneJson.h">
      <Filter>Source\Engine\Scene</Filter>
    </ClInclude>
    <ClInclude Include="Source\Engine\Scene\SceneRegistry.h">
      <Filter>Source\Engine\Scene</Filter>
    </ClInclude>
    <ClInclude Include="Source\Engine\Scene\SceneSetting.h">
      <Filter>Source\Engine\Scene</Filter>
    </ClInclude>
    <ClInclude Include="Source\Engine\Scene\SceneState.h">
      <Filter>Source\Engine\Scene</Filter>
    </ClInclude>
    <ClInclude Include="Source\Engine\Utility\Dialog.h">
      <Filter>Source\Engine\Utility</Filter>
    </ClInclude>
    <ClInclude Include="Source\Engine\Utility\JsonFileHandler.h">
      <Filter>Source\Engine\Utility</Filter>
    </ClInclude>
    <ClInclude Include="Source\Engine\Utility\JsonUtils.h">
      <Filter>Source\Engine\Utility</Filter>
    </ClInclude>
    <ClInclude Include="Source\Engine\Utility\stdUtiles.h">
      <Filter>Source\Engine\Utility</Filter>
    </ClInclude>
    <ClInclude Include="Source\Engine\Utility\Time.h">
      <Filter>Source\Engine\Utility</Filter>
    </ClInclude>
    <ClInclude Include="Source\Engine\Utility\Win32Utils.h">
      <Filter>Source\Engine\Utility</Filter>
    </ClInclude>
    <ClInclude Include="Source\Engine\Framework\Framework.h">
      <Filter>Source\Engine\Framework</Filter>
    </ClInclude>
    <ClInclude Include="Source\Engine\Audio\Audio.h">
      <Filter>Source\Engine\Audio</Filter>
    </ClInclude>
    <ClInclude Include="Source\Engine\Input\GamePad.h">
      <Filter>Source\Engine\Input</Filter>
    </ClInclude>
    <ClInclude Include="Source\Engine\Input\InputSystem.h">
      <Filter>Source\Engine\Input</Filter>
    </ClInclude>
    <ClInclude Include="Source\Engine\Serialization\DirectXSerializers.h">
      <Filter>Source\Engine\Serialization</Filter>
    </ClInclude>
    <ClInclude Include="Source\Utility\GameUtility.h">
      <Filter>Source\Utility</Filter>
    </ClInclude>
    <ClInclude Include="Source\Utility\SceneJsonUtils.h">
      <Filter>Source\Utility</Filter>
    </ClInclude>
    <ClInclude Include="Source\Game\Actors\BgmActor.h">
      <Filter>Source\Game\Actors</Filter>
    </ClInclude>
    <ClInclude Include="Source\Game\Actors\Camera\Camera.h">
      <Filter>Source\Game\Actors\Camera</Filter>
    </ClInclude>
    <ClInclude Include="Source\Game\Actors\Camera\DarkGameCamera.h">
      <Filter>Source\Game\Actors\Camera</Filter>
    </ClInclude>
    <ClInclude Include="Source\Game\Actors\Camera\LoadingCamera.h">
      <Filter>Source\Game\Actors\Camera</Filter>
    </ClInclude>
    <ClInclude Include="Source\Game\Actors\Enemy\Enemy.h">
      <Filter>Source\Game\Actors\Enemy</Filter>
    </ClInclude>
    <ClInclude Include="Source\Game\Actors\Enemy\Boss\BossState.h">
      <Filter>Source\Game\Actors\Enemy\Boss</Filter>
    </ClInclude>
    <ClInclude Include="Source\Game\Actors\Enemy\Boss\BossAITypes.h">
      <Filter>Source\Game\Actors\Enemy\Boss</Filter>
    </ClInclude>
    <ClInclude Include="Source\Game\Actors\Stage\Cloth.h">
      <Filter>Source\Game\Actors\Stage</Filter>
    </ClInclude>
    <ClInclude Include="Source\Game\Actors\Stage\ClothSimulate.h">
      <Filter>Source\Game\Actors\Stage</Filter>
    </ClInclude>
    <ClInclude Include="Source\Game\Actors\Stage\ElasticBuilding.h">
      <Filter>Source\Game\Actors\Stage</Filter>
    </ClInclude>
    <ClInclude Include="Source\Game\Actors\Stage\TestSoftBody.h">
      <Filter>Source\Game\Actors\Stage</Filter>
    </ClInclude>
    <ClInclude Include="Source\Game\Actors\Stage\Stage.h">
      <Filter>Source\Game\Actors\Stage</Filter>
    </ClInclude>
    <ClInclude Include="Source\Game\Actors\Stage\Props\ClothActor.h">
      <Filter>Source\Game\Actors\Stage\Props</Filter>
    </ClInclude>
    <ClInclude Include="Source\Game\Actors\WaterSphere\MorphModel.h">
      <Filter>Source\Game\Actors\WaterSphere</Filter>
    </ClInclude>
    <ClInclude Include="Source\Game\Actors\Player\Player.h">
      <Filter>Source\Game\Actors\Player</Filter>
    </ClInclude>
    <ClInclude Include="Source\Game\Actors\Player\PlayerStateDerived.h">
      <Filter>Source\Game\Actors\Player</Filter>
    </ClInclude>
    <ClInclude Include="Source\Game\Actors\Player\TitlePlayer.h">
      <Filter>Source\Game\Actors\Player</Filter>
    </ClInclude>
    <ClInclude Include="Source\Game\Actors\Base\Character.h">
      <Filter>Source\Game\Actors\Base</Filter>
    </ClInclude>
    <ClInclude Include="Source\Game\DarkGame\Interactable.h">
      <Filter>Source\Game\DarkGame</Filter>
    </ClInclude>
    <ClInclude Include="Source\Game\DarkGame\DarkActors\DarkClothActor.h">
      <Filter>Source\Game\DarkGame\DarkActors</Filter>
    </ClInclude>
    <ClInclude Include="Source\Game\DarkGame\DarkActors\DarkStageAsset.h">
      <Filter>Source\Game\DarkGame\DarkActors</Filter>
    </ClInclude>
    <ClInclude Include="Source\Game\DarkGame\DarkActors\DarkStageBarrelActor.h">
      <Filter>Source\Game\DarkGame\DarkActors</Filter>
    </ClInclude>
    <ClInclude Include="Source\Game\DarkGame\DarkActors\DarkStageBrazierActor.h">
      <Filter>Source\Game\DarkGame\DarkActors</Filter>
    </ClInclude>
    <ClInclude Include="Source\Game\DarkGame\DarkActors\DarkStageCandelabraActor.h">
      <Filter>Source\Game\DarkGame\DarkActors</Filter>
    </ClInclude>
    <ClInclude Include="Source\Game\DarkGame\DarkActors\DarkStageChandelierActor.h">
      <Filter>Source\Game\DarkGame\DarkActors</Filter>
    </ClInclude>
    <ClInclude Include="Source\Game\DarkGame\DarkActors\DarkStageGroundBrazierActor.h">
      <Filter>Source\Game\DarkGame\DarkActors</Filter>
    </ClInclude>
    <ClInclude Include="Source\Game\DarkGame\DarkActors\DarkTitleStage.h">
      <Filter>Source\Game\DarkGame\DarkActors</Filter>
    </ClInclude>
    <ClInclude Include="Source\Game\DarkGame\DarkActors\DoorActor.h">
      <Filter>Source\Game\DarkGame\DarkActors</Filter>
    </ClInclude>
    <ClInclude Include="Source\Game\DarkGame\DarkActors\DarkStage.h">
      <Filter>Source\Game\DarkGame\DarkActors</Filter>
    </ClInclude>
    <ClInclude Include="Source\Game\DarkGame\DarkActors\IceFragmentEffectActor.h">
      <Filter>Source\Game\DarkGame\DarkActors</Filter>
    </ClInclude>
    <ClInclude Include="Source\Game\DarkGame\DarkActors\ModelDebrisEmitterActor.h">
      <Filter>Source\Game\DarkGame\DarkActors</Filter>
    </ClInclude>
    <ClInclude Include="Source\Game\DarkGame\DarkActors\InteractableActor.h">
      <Filter>Source\Game\DarkGame\DarkActors</Filter>
    </ClInclude>
    <ClInclude Include="Source\Game\DarkGame\DarkActors\DarkStagePointLightActor.h">
      <Filter>Source\Game\DarkGame\DarkActors</Filter>
    </ClInclude>
    <ClInclude Include="Source\Game\DarkGame\DarkActors\LanternActor.h">
      <Filter>Source\Game\DarkGame\DarkActors</Filter>
    </ClInclude>
    <ClInclude Include="Source\Game\DarkGame\DarkActors\DarkEnemy\GruxEnemy.h">
      <Filter>Source\Game\DarkGame\DarkActors\DarkEnemy</Filter>
    </ClInclude>
    <ClInclude Include="Source\Game\DarkGame\DarkActors\DarkEnemy\GruxEnemyEyeActor.h">
      <Filter>Source\Game\DarkGame\DarkActors\DarkEnemy</Filter>
    </ClInclude>
    <ClInclude Include="Source\Game\DarkGame\DarkActors\DarkEnemy\SkeletonWarriorEnemy.h">
      <Filter>Source\Game\DarkGame\DarkActors\DarkEnemy</Filter>
    </ClInclude>
    <ClInclude Include="Source\Game\Scenes\LoadingScene.h">
      <Filter>Source\Game\Scenes</Filter>
    </ClInclude>
    <ClInclude Include="Source\Game\Scenes\ModelScene.h">
      <Filter>Source\Game\Scenes</Filter>
    </ClInclude>
    <ClInclude Include="Source\Game\Scenes\SampleScene.h">
      <Filter>Source\Game\Scenes</Filter>
    </ClInclude>
    <ClInclude Include="Source\Game\Scenes\GameScene.h">
      <Filter>Source\Game\Scenes</Filter>
    </ClInclude>
    <ClInclude Include="Source\Game\Scenes\TestScene.h">
      <Filter>Source\Game\Scenes</Filter>
    </ClInclude>
    <ClInclude Include="Source\Game\Scenes\TitleScene.h">
      <Filter>Source\Game\Scenes</Filter>
    </ClInclude>
    <ClInclude Include="Source\Game\State\StateMachine.h">
      <Filter>Source\Game\State</Filter>
    </ClInclude>
    <ClInclude Include="Source\Game\State\StateBase.h">
      <Filter>Source\Game\State</Filter>
    </ClInclude>
    <ClInclude Include="Source\Game\SofyBody\SoftBody.h">
      <Filter>Source\Game\SofyBody</Filter>
    </ClInclude>
    <ClInclude Include="Source\Graphics\Core\ConstantBuffer.h">
      <Filter>Source\Graphics\Core</Filter>
    </ClInclude>
    <ClInclude Include="Source\Graphics\Core\GltfDxgiHelper.h">
      <Filter>Source\Graphics\Core</Filter>
    </ClInclude>
    <ClInclude Include="Source\Graphics\Core\Graphics.h">
      <Filter>Source\Graphics\Core</Filter>
    </ClInclude>
    <ClInclude Include="Source\Graphics\Core\LightManager.h">
      <Filter>Source\Graphics\Core</Filter>
    </ClInclude>
    <ClInclude Include="Source\Graphics\Core\PipelineState.h">
      <Filter>Source\Graphics\Core</Filter>
    </ClInclude>
    <ClInclude Include="Source\Graphics\Core\PipelineLibrary.h">
      <Filter>Source\Graphics\Core</Filter>
    </ClInclude>
    <ClInclude Include="Source\Graphics\Core\PrecomputedNoiseTexture3d.h">
      <Filter>Source\Graphics\Core</Filter>
    </ClInclude>
    <ClInclude Include="Source\Graphics\Core\RenderState.h">
      <Filter>Source\Graphics\Core</Filter>
    </ClInclude>
    <ClInclude Include="Source\Graphics\Core\SceneRenderContext.h">
      <Filter>Source\Graphics\Core</Filter>
    </ClInclude>
    <ClInclude Include="Source\Graphics\Core\Shader.h">
      <Filter>Source\Graphics\Core</Filter>
    </ClInclude>
    <ClInclude Include="Source\Graphics\Core\TemporalAA.h">
      <Filter>Source\Graphics\Core</Filter>
    </ClInclude>
    <ClInclude Include="Source\Graphics\Renderer\PrimitiveRenderer.h">
      <Filter>Source\Graphics\Renderer</Filter>
    </ClInclude>
    <ClInclude Include="Source\Graphics\Renderer\PrimitiveShapeRenderer.h">
      <Filter>Source\Graphics\Renderer</Filter>
    </ClInclude>
    <ClInclude Include="Source\Graphics\Renderer\SceneRenderer.h">
      <Filter>Source\Graphics\Renderer</Filter>
    </ClInclude>
    <ClInclude Include="Source\Graphics\Renderer\ShapeRenderer.h">
      <Filter>Source\Graphics\Renderer</Filter>
    </ClInclude>
    <ClInclude Include="Source\Graphics\Renderer\SpriteRenderer.h">
      <Filter>Source\Graphics\Renderer</Filter>
    </ClInclude>
    <ClInclude Include="Source\Graphics\Renderer\TrailRenderer.h">
      <Filter>Source\Graphics\Renderer</Filter>
    </ClInclude>
    <ClInclude Include="Source\Graphics\Resource\GeometricPrimitive.h">
      <Filter>Source\Graphics\Resource</Filter>
    </ClInclude>
    <ClInclude Include="Source\Graphics\Resource\InterleavedGltfModel.h">
      <Filter>Source\Graphics\Resource</Filter>
    </ClInclude>
    <ClInclude Include="Source\Graphics\Resource\AssetManager.h">
      <Filter>Source\Graphics\Resource</Filter>
    </ClInclude>
    <ClInclude Include="Source\Graphics\Resource\ModelType.h">
      <Filter>Source\Graphics\Resource</Filter>
    </ClInclude>
    <ClInclude Include="Source\Graphics\Resource\PrecomputedNoiseTexture3D.h">
      <Filter>Source\Graphics\Resource</Filter>
    </ClInclude>
    <ClInclude Include="Source\Graphics\Resource\ShaderToy.h">
      <Filter>Source\Graphics\Resource</Filter>
    </ClInclude>
    <ClInclude Include="Source\Graphics\Resource\Texture.h">
      <Filter>Source\Graphics\Resource</Filter>
    </ClInclude>
    <ClInclude Include="Source\Graphics\Shadow\CascadeShadowMap.h">
      <Filter>Source\Graphics\Shadow</Filter>
    </ClInclude>
    <ClInclude Include="Source\Graphics\Shadow\ShadowMap.h">
      <Filter>Source\Graphics\Shadow</Filter>
    </ClInclude>
    <ClInclude Include="Source\Graphics\Sprite\Sprite.h">
      <Filter>Source\Graphics\Sprite</Filter>
    </ClInclude>
    <ClInclude Include="Source\Graphics\Sprite\SpriteBatch.h">
      <Filter>Source\Graphics\Sprite</Filter>
    </ClInclude>
    <ClInclude Include="Source\Graphics\PostProcess\BloomEffect.h">
      <Filter>Source\Graphics\PostProcess</Filter>
    </ClInclude>
    <ClInclude Include="Source\Graphics\PostProcess\DepthOfFieldEffect.h">
      <Filter>Source\Graphics\PostProcess</Filter>
    </ClInclude>
    <ClInclude Include="Source\Graphics\PostProcess\FogEffect.h">
      <Filter>Source\Graphics\PostProcess</Filter>
    </ClInclude>
    <ClInclude Include="Source\Graphics\PostProcess\FrameBuffer.h">
      <Filter>Source\Graphics\PostProcess</Filter>
    </ClInclude>
    <ClInclude Include="Source\Graphics\PostProcess\FullScreenQuad.h">
      <Filter>Source\Graphics\PostProcess</Filter>
    </ClInclude>
    <ClInclude Include="Source\Graphics\PostProcess\GBuffer.h">
      <Filter>Source\Graphics\PostProcess</Filter>
    </ClInclude>
    <ClInclude Include="Source\Graphics\PostProcess\MotionBlurEffect.h">
      <Filter>Source\Graphics\PostProcess</Filter>
    </ClInclude>
    <ClInclude Include="Source\Graphics\PostProcess\MultipleRenderTargets.h">
      <Filter>Source\Graphics\PostProcess</Filter>
    </ClInclude>
    <ClInclude Include="Source\Graphics\PostProcess\PostEffectBase.h">
      <Filter>Source\Graphics\PostProcess</Filter>
    </ClInclude>
    <ClInclude Include="Source\Graphics\PostProcess\PostEffectManager.h">
      <Filter>Source\Graphics\PostProcess</Filter>
    </ClInclude>
    <ClInclude Include="Source\Graphics\PostProcess\SceneEffectBase.h">
      <Filter>Source\Graphics\PostProcess</Filter>
    </ClInclude>
    <ClInclude Include="Source\Graphics\PostProcess\SceneEffectManager.h">
      <Filter>Source\Graphics\PostProcess</Filter>
    </ClInclude>
    <ClInclude Include="Source\Graphics\PostProcess\SSAOEffect.h">
      <Filter>Source\Graphics\PostProcess</Filter>
    </ClInclude>
    <ClInclude Include="Source\Graphics\PostProcess\SSREffect.h">
      <Filter>Source\Graphics\PostProcess</Filter>
    </ClInclude>
    <ClInclude Include="Source\Graphics\Environment\SkyMap.h">
      <Filter>Source\Graphics\Environment</Filter>
    </ClInclude>
    <ClInclude Include="Source\Graphics\Cloud\VolumetricCloudscapes.h">
      <Filter>Source\Graphics\Cloud</Filter>
    </ClInclude>
    <ClInclude Include="Source\PBD\PBDConstaraintData.h">
      <Filter>Source\PBD</Filter>
    </ClInclude>
    <ClInclude Include="Source\PBD\PBDParticleData.h">
      <Filter>Source\PBD</Filter>
    </ClInclude>
    <ClInclude Include="Source\PBD\PBDSystem.h">
      <Filter>Source\PBD</Filter>
    </ClInclude>
    <ClInclude Include="Source\UI\Font.h">
      <Filter>Source\UI</Filter>
    </ClInclude>
    <ClInclude Include="Source\UI\FontManager.h">
      <Filter>Source\UI</Filter>
    </ClInclude>
    <ClInclude Include="Source\UI\UIManager.h">
      <Filter>Source\UI</Filter>
    </ClInclude>
    <ClInclude Include="Source\UI\Game\Pause.h">
      <Filter>Source\UI\Game</Filter>
    </ClInclude>
    <ClInclude Include="Source\UI\Game\SceneTransitionManager.h">
      <Filter>Source\UI\Game</Filter>
    </ClInclude>
    <ClInclude Include="Source\UI\Game\TransitionEffect.h">
      <Filter>Source\UI\Game</Filter>
    </ClInclude>
    <ClInclude Include="Source\UI\Widgets\Widget.h">
      <Filter>Source\UI\Widgets</Filter>
    </ClInclude>
    <ClInclude Include="Source\Math\MathHelper.h">
      <Filter>Source\Math</Filter>
    </ClInclude>
    <ClInclude Include="Source\Physics\Collider.h">
      <Filter>Source\Physics</Filter>
    </ClInclude>
    <ClInclude Include="Source\Physics\CollisionHelper.h">
      <Filter>Source\Physics</Filter>
    </ClInclude>
    <ClInclude Include="Source\Physics\CollisionSystem.h">
      <Filter>Source\Physics</Filter>
    </ClInclude>
    <ClInclude Include="Source\Physics\CollisionFunction.h">
      <Filter>Source\Physics</Filter>
    </ClInclude>
    <ClInclude Include="Source\Physics\Physics.h">
      <Filter>Source\Physics</Filter>
    </ClInclude>
    <ClInclude Include="Source\Physics\PhysicsHelper.h">
      <Filter>Source\Physics</Filter>
    </ClInclude>
    <ClInclude Include="Source\Animation\AnimationController.h">
      <Filter>Source\Animation</Filter>
    </ClInclude>
    <ClInclude Include="Source\Animation\AnimationState.h">
      <Filter>Source\Animation</Filter>
    </ClInclude>
    <ClInclude Include="Source\Animation\BlendSpaceAnimation.h">
      <Filter>Source\Animation</Filter>
    </ClInclude>
    <ClInclude Include="Source\Test\SoftBody2d.h">
      <Filter>Source\Test</Filter>
    </ClInclude>
  </ItemGroup>
  <ItemGroup>
    <FxCompile Include="Shader\AccumulateHuskParticlePS.hlsl">
      <Filter>Shader</Filter>
    </FxCompile>
    <FxCompile Include="Shader\ClothConstraintCS.hlsl">
      <Filter>Shader</Filter>
    </FxCompile>
    <FxCompile Include="Shader\ClothCS.hlsl">
      <Filter>Shader</Filter>
    </FxCompile>
    <FxCompile Include="Shader\ClothSimulateVS.hlsl">
      <Filter>Shader</Filter>
    </FxCompile>
    <FxCompile Include="Shader\ClothUpdateCS.hlsl">
      <Filter>Shader</Filter>
    </FxCompile>
    <FxCompile Include="Shader\ComputeParticleBeginFrameCS.hlsl">
      <Filter>Shader</Filter>
    </FxCompile>
    <FxCompile Include="Shader\ComputeParticleBitonicSortB2CS.hlsl">
      <Filter>Shader</Filter>
    </FxCompile>
    <FxCompile Include="Shader\ComputeParticleBitonicSortC2CS.hlsl">
      <Filter>Shader</Filter>
    </FxCompile>
    <FxCompile Include="Shader\ComputeParticleEmitCS.hlsl">
      <Filter>Shader</Filter>
    </FxCompile>
    <FxCompile Include="Shader\ComputeParticleEndFrameCS.hlsl">
      <Filter>Shader</Filter>
    </FxCompile>
    <FxCompile Include="Shader\ComputeParticleInitCS.hlsl">
      <Filter>Shader</Filter>
    </FxCompile>
    <FxCompile Include="Shader\ComputeParticleRenderGS.hlsl">
      <Filter>Shader</Filter>
    </FxCompile>
    <FxCompile Include="Shader\ComputeParticleRenderPS.hlsl">
      <Filter>Shader</Filter>
    </FxCompile>
    <FxCompile Include="Shader\ComputeParticleRenderVS.hlsl">
      <Filter>Shader</Filter>
    </FxCompile>
    <FxCompile Include="Shader\ComputeParticleSortCS.hlsl">
      <Filter>Shader</Filter>
    </FxCompile>
    <FxCompile Include="Shader\ComputeParticleUpdateCS.hlsl">
      <Filter>Shader</Filter>
    </FxCompile>
    <FxCompile Include="Shader\GltfModelDeferredGruxPS.hlsl">
      <Filter>Shader</Filter>
    </FxCompile>
    <FxCompile Include="Shader\GltfModelInstancedBatchingPS.hlsl">
      <Filter>Shader</Filter>
    </FxCompile>
    <FxCompile Include="Shader\GltfModelPlayerDeferredPS.hlsl">
      <Filter>Shader</Filter>
    </FxCompile>
    <FxCompile Include="Shader\GltfModelPlayerWeaponDeferredPS.hlsl">
      <Filter>Shader</Filter>
    </FxCompile>
    <FxCompile Include="Shader\DarkStageSkyPS.hlsl">
      <Filter>Shader</Filter>
    </FxCompile>
    <FxCompile Include="Shader\DeferredLightingDefaultPS.hlsl">
      <Filter>Shader</Filter>
    </FxCompile>
    <FxCompile Include="Shader\DepthOfFieldPS.hlsl">
      <Filter>Shader</Filter>
    </FxCompile>
    <FxCompile Include="Shader\ElasticBuildingCsmVS.hlsl">
      <Filter>Shader</Filter>
    </FxCompile>
    <FxCompile Include="Shader\ElasticBuildsVS.hlsl">
      <Filter>Shader</Filter>
    </FxCompile>
    <FxCompile Include="Shader\EnemyEyeFlarePS.hlsl">
      <Filter>Shader</Filter>
    </FxCompile>
    <FxCompile Include="Shader\EnemyEyeModelPS.hlsl">
      <Filter>Shader</Filter>
    </FxCompile>
    <FxCompile Include="Shader\FinalPS.hlsl">
      <Filter>Shader</Filter>
    </FxCompile>
    <FxCompile Include="Shader\FullScreenCopyPS.hlsl">
      <Filter>Shader</Filter>
    </FxCompile>
    <FxCompile Include="Shader\GaussianDofBlurHorizontalPS.hlsl">
      <Filter>Shader</Filter>
    </FxCompile>
    <FxCompile Include="Shader\GaussianDofBlurVerticalPS.hlsl">
      <Filter>Shader</Filter>
    </FxCompile>
    <FxCompile Include="Shader\GBufferDecalPrimitivePS.hlsl">
      <Filter>Shader</Filter>
    </FxCompile>
    <FxCompile Include="Shader\GltfModelPlayerWeaponForwardPS.hlsl">
      <Filter>Shader</Filter>
    </FxCompile>
    <FxCompile Include="Shader\HuskParticlesCS.hlsl">
      <Filter>Shader</Filter>
    </FxCompile>
    <FxCompile Include="Shader\HuskParticlesGS.hlsl">
      <Filter>Shader</Filter>
    </FxCompile>
    <FxCompile Include="Shader\HuskParticlesPS.hlsl">
      <Filter>Shader</Filter>
    </FxCompile>
    <FxCompile Include="Shader\HuskParticlesVS.hlsl">
      <Filter>Shader</Filter>
    </FxCompile>
    <FxCompile Include="Shader\InstanceModelIceEffectPS.hlsl">
      <Filter>Shader</Filter>
    </FxCompile>
    <FxCompile Include="Shader\InstancePointLightModelPS.hlsl">
      <Filter>Shader</Filter>
    </FxCompile>
    <FxCompile Include="Shader\LoadingPS.hlsl">
      <Filter>Shader</Filter>
    </FxCompile>
    <FxCompile Include="Shader\MotionBlurPS.hlsl">
      <Filter>Shader</Filter>
    </FxCompile>
    <FxCompile Include="Shader\PlayerSwordGhostPS.hlsl">
      <Filter>Shader</Filter>
    </FxCompile>
    <FxCompile Include="Shader\PostEffectPS.hlsl">
      <Filter>Shader</Filter>
    </FxCompile>
    <FxCompile Include="Shader\FontPS.hlsl">
      <Filter>Shader</Filter>
    </FxCompile>
    <FxCompile Include="Shader\FontVS.hlsl">
      <Filter>Shader</Filter>
    </FxCompile>
    <FxCompile Include="Shader\FullScreenQuadPS.hlsl">
      <Filter>Shader</Filter>
    </FxCompile>
    <FxCompile Include="Shader\FullScreenQuadVS.hlsl">
      <Filter>Shader</Filter>
    </FxCompile>
    <FxCompile Include="Shader\GaussianBlurDownSamplingPS.hlsl">
      <Filter>Shader</Filter>
    </FxCompile>
    <FxCompile Include="Shader\GaussianBlurHorizontalPS.hlsl">
      <Filter>Shader</Filter>
    </FxCompile>
    <FxCompile Include="Shader\GaussianBlurUpsamplingPS.hlsl">
      <Filter>Shader</Filter>
    </FxCompile>
    <FxCompile Include="Shader\GaussianBlurVerticalPS.hlsl">
      <Filter>Shader</Filter>
    </FxCompile>
    <FxCompile Include="Shader\DeferredLightingPS.hlsl">
      <Filter>Shader</Filter>
    </FxCompile>
    <FxCompile Include="Shader\geometricPrimitivePS.hlsl">
      <Filter>Shader</Filter>
    </FxCompile>
    <FxCompile Include="Shader\geometricPrimitiveVS.hlsl">
      <Filter>Shader</Filter>
    </FxCompile>
    <FxCompile Include="Shader\GlowExtractionPS.hlsl">
      <Filter>Shader</Filter>
    </FxCompile>
    <FxCompile Include="Shader\GltfModelCpuColorPS.hlsl">
      <Filter>Shader</Filter>
    </FxCompile>
    <FxCompile Include="Shader\GltfModelCsmGS.hlsl">
      <Filter>Shader</Filter>
    </FxCompile>
    <FxCompile Include="Shader\GltfModelCsmVS.hlsl">
      <Filter>Shader</Filter>
    </FxCompile>
    <FxCompile Include="Shader\GltfModelDeferredPS.hlsl">
      <Filter>Shader</Filter>
    </FxCompile>
    <FxCompile Include="Shader\GltfModelDissolvePS.hlsl">
      <Filter>Shader</Filter>
    </FxCompile>
    <FxCompile Include="Shader\GltfModelFightStagePS.hlsl">
      <Filter>Shader</Filter>
    </FxCompile>
    <FxCompile Include="Shader\GltfModelHairOrFurDeferredPS.hlsl">
      <Filter>Shader</Filter>
    </FxCompile>
    <FxCompile Include="Shader\GltfModelInstancedBatchingCsmVS.hlsl">
      <Filter>Shader</Filter>
    </FxCompile>
    <FxCompile Include="Shader\GltfModelInstancedBatchingVS.hlsl">
      <Filter>Shader</Filter>
    </FxCompile>
    <FxCompile Include="Shader\GltfModelPS.hlsl">
      <Filter>Shader</Filter>
    </FxCompile>
    <FxCompile Include="Shader\GltfModelStaticBatchingCsmVS.hlsl">
      <Filter>Shader</Filter>
    </FxCompile>
    <FxCompile Include="Shader\GltfModelStaticBatchingVS.hlsl">
      <Filter>Shader</Filter>
    </FxCompile>
    <FxCompile Include="Shader\GltfModelVS.hlsl">
      <Filter>Shader</Filter>
    </FxCompile>
    <FxCompile Include="Shader\GltfMorphModelPS.hlsl">
      <Filter>Shader</Filter>
    </FxCompile>
    <FxCompile Include="Shader\GltfMorphModelVS.hlsl">
      <Filter>Shader</Filter>
    </FxCompile>
    <FxCompile Include="Shader\HighFreqWorleyCS.hlsl">
      <Filter>Shader</Filter>
    </FxCompile>
    <FxCompile Include="Shader\LineSegmentPS.hlsl">
      <Filter>Shader</Filter>
    </FxCompile>
    <FxCompile Include="Shader\LineSegmentVS.hlsl">
      <Filter>Shader</Filter>
    </FxCompile>
    <FxCompile Include="Shader\LowFreqPerlinWorleyCS.hlsl">
      <Filter>Shader</Filter>
    </FxCompile>
    <FxCompile Include="Shader\LuminanceExtranctionPS.hlsl">
      <Filter>Shader</Filter>
    </FxCompile>
    <FxCompile Include="Shader\GltfModelForwardTransparencyPS.hlsl">
      <Filter>Shader</Filter>
    </FxCompile>
    <FxCompile Include="Shader\PointLightModelPS.hlsl">
      <Filter>Shader</Filter>
    </FxCompile>
    <FxCompile Include="Shader\PrimitiveRendererPS.hlsl">
      <Filter>Shader</Filter>
    </FxCompile>
    <FxCompile Include="Shader\PrimitiveRendererVS.hlsl">
      <Filter>Shader</Filter>
    </FxCompile>
    <FxCompile Include="Shader\SsaoPS.hlsl">
      <Filter>Shader</Filter>
    </FxCompile>
    <FxCompile Include="Shader\ShaderToyVS.hlsl">
      <Filter>Shader</Filter>
    </FxCompile>
    <FxCompile Include="Shader\SkyBoxPS.hlsl">
      <Filter>Shader</Filter>
    </FxCompile>
    <FxCompile Include="Shader\SkyMapGBufferPS.hlsl">
      <Filter>Shader</Filter>
    </FxCompile>
    <FxCompile Include="Shader\SkyMapPS.hlsl">
      <Filter>Shader</Filter>
    </FxCompile>
    <FxCompile Include="Shader\SkyMapVS.hlsl">
      <Filter>Shader</Filter>
    </FxCompile>
    <FxCompile Include="Shader\SolidShapeRendererPS.hlsl">
      <Filter>Shader</Filter>
    </FxCompile>
    <FxCompile Include="Shader\SolidShapeRendererVS.hlsl">
      <Filter>Shader</Filter>
    </FxCompile>
    <FxCompile Include="Shader\sprite_ps.hlsl">
      <Filter>Shader</Filter>
    </FxCompile>
    <FxCompile Include="Shader\sprite_vs.hlsl">
      <Filter>Shader</Filter>
    </FxCompile>
    <FxCompile Include="Shader\SSRPS.hlsl">
      <Filter>Shader</Filter>
    </FxCompile>
    <FxCompile Include="Shader\StarEyeOpaquePS.hlsl">
      <Filter>Shader</Filter>
    </FxCompile>
    <FxCompile Include="Shader\TemporalAntiAliasingPS.hlsl">
      <Filter>Shader</Filter>
    </FxCompile>
    <FxCompile Include="Shader\TrailPS.hlsl">
      <Filter>Shader</Filter>
    </FxCompile>
    <FxCompile Include="Shader\TrailVS.hlsl">
      <Filter>Shader</Filter>
    </FxCompile>
    <FxCompile Include="Shader\VelocityNeighborMaxPS.hlsl">
      <Filter>Shader</Filter>
    </FxCompile>
    <FxCompile Include="Shader\VelocityTileMaxPS.hlsl">
      <Filter>Shader</Filter>
    </FxCompile>
    <FxCompile Include="Shader\VolumetricCloudscapesPS.hlsl">
      <Filter>Shader</Filter>
    </FxCompile>
    <FxCompile Include="Shader\VolumetricFogPS.hlsl">
      <Filter>Shader</Filter>
    </FxCompile>
    <FxCompile Include="Shader\WiredShapeRendererPS.hlsl">
      <Filter>Shader</Filter>
    </FxCompile>
    <FxCompile Include="Shader\WiredShapeRendererVS.hlsl">
      <Filter>Shader</Filter>
    </FxCompile>
  </ItemGroup>
  <ItemGroup>
    <None Include="Shader\BidirectionalReflectanceDistributionFunction.hlsli">
      <Filter>Shader</Filter>
    </None>
    <None Include="Shader\Bloom.hlsli">
      <Filter>Shader</Filter>
    </None>
    <None Include="Shader\Cloth.hlsli">
      <Filter>Shader</Filter>
    </None>
    <None Include="Shader\Common.hlsli">
      <Filter>Shader</Filter>
    </None>
    <None Include="Shader\ComputeParticle.hlsli">
      <Filter>Shader</Filter>
    </None>
    <None Include="Shader\ComputeParticleBitonicSort.hlsli">
      <Filter>Shader</Filter>
    </None>
    <None Include="Shader\Constants.hlsli">
      <Filter>Shader</Filter>
    </None>
    <None Include="Shader\ElasticConstants.hlsli">
      <Filter>Shader</Filter>
    </None>
    <None Include="Shader\FilterFunctions.hlsli">
      <Filter>Shader</Filter>
    </None>
    <None Include="Shader\Font.hlsli">
      <Filter>Shader</Filter>
    </None>
    <None Include="Shader\FullScreenQuad.hlsli">
      <Filter>Shader</Filter>
    </None>
    <None Include="Shader\GBuffer.hlsli">
      <Filter>Shader</Filter>
    </None>
    <None Include="Shader\GBufferDecalConstantBuffer.hlsli">
      <Filter>Shader</Filter>
    </None>
    <None Include="Shader\GBufferDecalPrimitive.hlsli">
      <Filter>Shader</Filter>
    </None>
    <None Include="Shader\geometricPrimitive.hlsli">
      <Filter>Shader</Filter>
    </None>
    <None Include="Shader\GltfModel.hlsli">
      <Filter>Shader</Filter>
    </None>
    <None Include="Shader\HuskParticles.hlsli">
      <Filter>Shader</Filter>
    </None>
    <None Include="Shader\imageBasedLighting.hlsli">
      <Filter>Shader</Filter>
    </None>
    <None Include="Shader\Lights.hlsli">
      <Filter>Shader</Filter>
    </None>
    <None Include="Shader\ModelType.hlsli">
      <Filter>Shader</Filter>
    </None>
    <None Include="Shader\MotionBlur.hlsli">
      <Filter>Shader</Filter>
    </None>
    <None Include="Shader\PerlinWorleyNoise.hlsli">
      <Filter>Shader</Filter>
    </None>
    <None Include="Shader\PrimitiveRenderer.hlsli">
      <Filter>Shader</Filter>
    </None>
    <None Include="Shader\Sampler.hlsli">
      <Filter>Shader</Filter>
    </None>
    <None Include="Shader\ShaderFunctions.hlsli">
      <Filter>Shader</Filter>
    </None>
    <None Include="Shader\ShaderToy.hlsli">
      <Filter>Shader</Filter>
    </None>
    <None Include="Shader\SkyMap.hlsli">
      <Filter>Shader</Filter>
    </None>
    <None Include="Shader\SolidShapeRenderer.hlsli">
      <Filter>Shader</Filter>
    </None>
    <None Include="Shader\sprite.hlsli">
      <Filter>Shader</Filter>
    </None>
    <None Include="Shader\Trail.hlsli">
      <Filter>Shader</Filter>
    </None>
    <None Include="Shader\ViewConstants.hlsli">
      <Filter>Shader</Filter>
    </None>
    <None Include="Shader\WiredShapeRenderer.hlsli">
      <Filter>Shader</Filter>
    </None>
  </ItemGroup>
  <ItemGroup>
    <Filter Include="External">
      <UniqueIdentifier>{74c87876-c7f4-445a-ab23-ae7c5d2340e4}</UniqueIdentifier>
    </Filter>
    <Filter Include="External\imgui">
      <UniqueIdentifier>{660498ff-99db-49ff-b6aa-838ebf669ddb}</UniqueIdentifier>
    </Filter>
    <Filter Include="External\tracy-0.13.1">
      <UniqueIdentifier>{0392afc5-9289-48f0-9914-8775ba08e85e}</UniqueIdentifier>
    </Filter>
    <Filter Include="External\tracy-0.13.1\public">
      <UniqueIdentifier>{f4466f94-3ca0-42d5-8dca-fd5129d32797}</UniqueIdentifier>
    </Filter>
    <Filter Include="Source">
      <UniqueIdentifier>{6e35d5de-e09e-48d3-b0b3-4dd6691a15bf}</UniqueIdentifier>
    </Filter>
    <Filter Include="Source\Components">
      <UniqueIdentifier>{bb49013c-5ce2-45fd-9fa8-c4f8635fb38e}</UniqueIdentifier>
    </Filter>
    <Filter Include="Source\Components\Easing">
      <UniqueIdentifier>{eead237c-d2c5-4a67-9177-76375a33ab12}</UniqueIdentifier>
    </Filter>
    <Filter Include="Source\Components\Effect">
      <UniqueIdentifier>{4483ad5f-cf5b-4113-8ecf-93bdf3390f13}</UniqueIdentifier>
    </Filter>
    <Filter Include="Source\Components\Elastic">
      <UniqueIdentifier>{0a3775b3-25d1-41e0-8103-b764598e08f6}</UniqueIdentifier>
    </Filter>
    <Filter Include="Source\Components\Render">
      <UniqueIdentifier>{0ebc0317-32d4-4f7c-90e2-d8e3b738078e}</UniqueIdentifier>
    </Filter>
    <Filter Include="Source\Components\Base">
      <UniqueIdentifier>{65e286a1-3dbb-48b1-a1c4-44bba1e8bff0}</UniqueIdentifier>
    </Filter>
    <Filter Include="Source\Components\Transform">
      <UniqueIdentifier>{c1389fb9-c044-4693-aec9-724ffaf1c4cf}</UniqueIdentifier>
    </Filter>
    <Filter Include="Source\Components\CollisionShape">
      <UniqueIdentifier>{6693d3a5-43a6-4fd7-ae5a-f74c4112176c}</UniqueIdentifier>
    </Filter>
    <Filter Include="Source\Components\Controller">
      <UniqueIdentifier>{e35a9931-78c5-4759-8447-ffa144668a6a}</UniqueIdentifier>
    </Filter>
    <Filter Include="Source\Components\Camera">
      <UniqueIdentifier>{aca8c1f9-b3e5-4f9a-a59a-ff3439705e82}</UniqueIdentifier>
    </Filter>
    <Filter Include="Source\Components\Game">
      <UniqueIdentifier>{f4af14ee-7fc7-4324-a38a-0512a0c5d7e1}</UniqueIdentifier>
    </Filter>
    <Filter Include="Source\Components\Audio">
      <UniqueIdentifier>{0e678c17-08b2-443c-beb1-40f23e1fed90}</UniqueIdentifier>
    </Filter>
    <Filter Include="Source\Core">
      <UniqueIdentifier>{3e95fcfc-3373-487b-bad2-94de87268675}</UniqueIdentifier>
    </Filter>
    <Filter Include="Source\Engine">
      <UniqueIdentifier>{bacc1ebb-5308-4917-b6fc-90a9aedd516f}</UniqueIdentifier>
    </Filter>
    <Filter Include="Source\Engine\Camera">
      <UniqueIdentifier>{c707083e-06a5-4394-8bc3-17dd22eea13e}</UniqueIdentifier>
    </Filter>
    <Filter Include="Source\Engine\Debug">
      <UniqueIdentifier>{23d8449a-8c4b-4d87-9b77-3e68d02d55dd}</UniqueIdentifier>
    </Filter>
    <Filter Include="Source\Engine\Easing">
      <UniqueIdentifier>{6d40d025-bd4f-4587-ad4d-655a1781e24c}</UniqueIdentifier>
    </Filter>
    <Filter Include="Source\Engine\Effects">
      <UniqueIdentifier>{18c4e05c-5aa3-48f5-b7cd-a5f45da512b7}</UniqueIdentifier>
    </Filter>
    <Filter Include="Source\Engine\Resources">
      <UniqueIdentifier>{56714ca7-11e4-46b1-aae3-97ff308e9982}</UniqueIdentifier>
    </Filter>
    <Filter Include="Source\Engine\Scene">
      <UniqueIdentifier>{644933f8-db84-45fb-90c8-73fab61fd826}</UniqueIdentifier>
    </Filter>
    <Filter Include="Source\Engine\Utility">
      <UniqueIdentifier>{4666c07e-c37f-4862-a59c-628f64d8c737}</UniqueIdentifier>
    </Filter>
    <Filter Include="Source\Engine\Framework">
      <UniqueIdentifier>{91fd9ff7-54f3-4121-8624-5c5695e8bbb4}</UniqueIdentifier>
    </Filter>
    <Filter Include="Source\Engine\Audio">
      <UniqueIdentifier>{510273df-007e-4189-b14c-b89a8bad308d}</UniqueIdentifier>
    </Filter>
    <Filter Include="Source\Engine\Input">
      <UniqueIdentifier>{241b03a8-cf8b-4515-85ea-cc53dfdfdd75}</UniqueIdentifier>
    </Filter>
    <Filter Include="Source\Engine\Serialization">
      <UniqueIdentifier>{760768ff-ceb7-4a7f-9254-0d97c31acf04}</UniqueIdentifier>
    </Filter>
    <Filter Include="Source\Utility">
      <UniqueIdentifier>{a422719c-880e-492c-baf5-765db2ecde31}</UniqueIdentifier>
    </Filter>
    <Filter Include="Source\Game">
      <UniqueIdentifier>{a24d8079-8f00-4de5-84a6-2f37655e3812}</UniqueIdentifier>
    </Filter>
    <Filter Include="Source\Game\Actors">
      <UniqueIdentifier>{a1ff4c23-0e9d-4e42-be58-84ca03977c46}</UniqueIdentifier>
    </Filter>
    <Filter Include="Source\Game\Actors\Camera">
      <UniqueIdentifier>{8928da05-0fb9-4bd4-8140-d0eb012005d8}</UniqueIdentifier>
    </Filter>
    <Filter Include="Source\Game\Actors\Enemy">
      <UniqueIdentifier>{cff57465-063b-465c-9888-f7292f644af3}</UniqueIdentifier>
    </Filter>
    <Filter Include="Source\Game\Actors\Enemy\Boss">
      <UniqueIdentifier>{760aeff2-9fe8-4061-aad5-5fd30eb0a4e4}</UniqueIdentifier>
    </Filter>
    <Filter Include="Source\Game\Actors\Stage">
      <UniqueIdentifier>{baa744c6-df18-4b5e-beed-183abafbdbf1}</UniqueIdentifier>
    </Filter>
    <Filter Include="Source\Game\Actors\Stage\Props">
      <UniqueIdentifier>{5b2f7a49-f794-4284-beb5-94f2261373e1}</UniqueIdentifier>
    </Filter>
    <Filter Include="Source\Game\Actors\WaterSphere">
      <UniqueIdentifier>{1b3c2b01-f29c-4fef-9dd7-29e63db0b291}</UniqueIdentifier>
    </Filter>
    <Filter Include="Source\Game\Actors\Player">
      <UniqueIdentifier>{1c48fc39-9d4c-4972-a943-530d4d69c4de}</UniqueIdentifier>
    </Filter>
    <Filter Include="Source\Game\Actors\Base">
      <UniqueIdentifier>{a7f2acf9-c11c-4918-a77d-7a4be64c15f2}</UniqueIdentifier>
    </Filter>
    <Filter Include="Source\Game\DarkGame">
      <UniqueIdentifier>{158d653c-b6f8-4b66-97ac-df4ec14444fa}</UniqueIdentifier>
    </Filter>
    <Filter Include="Source\Game\DarkGame\DarkActors">
      <UniqueIdentifier>{a187149e-db38-42f7-bb1f-64ba336047dd}</UniqueIdentifier>
    </Filter>
    <Filter Include="Source\Game\DarkGame\DarkActors\DarkEnemy">
      <UniqueIdentifier>{6b4d91fc-9547-40a7-943b-0d0510dc81c6}</UniqueIdentifier>
    </Filter>
    <Filter Include="Source\Game\Scenes">
      <UniqueIdentifier>{7cd2c2c4-356d-4b61-94e7-1b0c1012598e}</UniqueIdentifier>
    </Filter>
    <Filter Include="Source\Game\State">
      <UniqueIdentifier>{d4bf53a6-9206-4320-a1b0-0495a5c6942a}</UniqueIdentifier>
    </Filter>
    <Filter Include="Source\Game\SofyBody">
      <UniqueIdentifier>{922fffcb-e308-4e33-8262-e892964e4e2c}</UniqueIdentifier>
    </Filter>
    <Filter Include="Source\Graphics">
      <UniqueIdentifier>{f2c1f1be-0663-48c8-a728-d4217cc62fc7}</UniqueIdentifier>
    </Filter>
    <Filter Include="Source\Graphics\Core">
      <UniqueIdentifier>{4c606b65-2c34-4245-8883-cca7496196fb}</UniqueIdentifier>
    </Filter>
    <Filter Include="Source\Graphics\Renderer">
      <UniqueIdentifier>{1a59387b-7a4a-414a-bbe7-e079ba9e1960}</UniqueIdentifier>
    </Filter>
    <Filter Include="Source\Graphics\Resource">
      <UniqueIdentifier>{b0c39835-efba-412f-a728-b2f2adeae552}</UniqueIdentifier>
    </Filter>
    <Filter Include="Source\Graphics\Shadow">
      <UniqueIdentifier>{95376f45-23bc-4935-af11-1d950f297d32}</UniqueIdentifier>
    </Filter>
    <Filter Include="Source\Graphics\Sprite">
      <UniqueIdentifier>{28f54a2b-e5ef-45a2-aa07-e8129d3ec5de}</UniqueIdentifier>
    </Filter>
    <Filter Include="Source\Graphics\PostProcess">
      <UniqueIdentifier>{f63948a0-07f8-4fa1-a0d1-fff4f0129a60}</UniqueIdentifier>
    </Filter>
    <Filter Include="Source\Graphics\Environment">
      <UniqueIdentifier>{3088a86c-04b4-427b-9b47-85c3b3161e62}</UniqueIdentifier>
    </Filter>
    <Filter Include="Source\Graphics\Cloud">
      <UniqueIdentifier>{a601d8a5-f8ae-4532-aab8-1f51fbc02e84}</UniqueIdentifier>
    </Filter>
    <Filter Include="Source\PBD">
      <UniqueIdentifier>{277ef990-d75d-4c82-921d-553528ff9fd5}</UniqueIdentifier>
    </Filter>
    <Filter Include="Source\UI">
      <UniqueIdentifier>{33d2a407-ef53-4b0e-9603-7951dbb9c029}</UniqueIdentifier>
    </Filter>
    <Filter Include="Source\UI\Game">
      <UniqueIdentifier>{51de0d55-08bf-4172-8592-0b399f9604f3}</UniqueIdentifier>
    </Filter>
    <Filter Include="Source\UI\Widgets">
      <UniqueIdentifier>{150839ce-5a59-4855-ba99-1cb4ccd228a4}</UniqueIdentifier>
    </Filter>
    <Filter Include="Source\Math">
      <UniqueIdentifier>{ffbbbcfb-2a00-477a-a3ff-1878582fff8c}</UniqueIdentifier>
    </Filter>
    <Filter Include="Source\Physics">
      <UniqueIdentifier>{110a520b-2931-4b99-ba73-ed6c4738c593}</UniqueIdentifier>
    </Filter>
    <Filter Include="Source\Animation">
      <UniqueIdentifier>{33c490ce-5d63-4fb1-92db-d6a726e9c98c}</UniqueIdentifier>
    </Filter>
    <Filter Include="Source\Test">
      <UniqueIdentifier>{837934e9-97eb-4b63-9094-be921581d855}</UniqueIdentifier>
    </Filter>
    <Filter Include="Shader">
      <UniqueIdentifier>{8f40bc09-f170-4103-abd0-fd67cf91bb37}</UniqueIdentifier>
    </Filter>
  </ItemGroup>
</Project>
